
Microsoft Visual Studio Solution File, Format Version 12.00
# Visual Studio Version 16
VisualStudioVersion = 16.0.32126.315
MinimumVisualStudioVersion = 10.0.40219.1
Project("{2150E333-8FDC-42A3-9474-1A3956D46DE8}") = "common", "common", "{156F03D3-D906-462C-ACB6-ECE5656D29CA}"
EndProject
Project("{8BC9CEB8-8B4A-11D0-8D11-00A0C91BC942}") = "core", "common\core\core.vcxproj", "{6468D916-7565-4104-89F2-72B4BAFCBDDE}"
EndProject
Project("{2150E333-8FDC-42A3-9474-1A3956D46DE8}") = "basics", "basics", "{AC05C08C-1385-4EA0-9DEE-A2F76A830EE5}"
EndProject
Project("{8BC9CEB8-8B4A-11D0-8D11-00A0C91BC942}") = "basics", "basics\basics\basics.vcxproj", "{8AD73841-22D1-44A6-90CC-C639F9F84F0D}"
	ProjectSection(ProjectDependencies) = postProject
		{6468D916-7565-4104-89F2-72B4BAFCBDDE} = {6468D916-7565-4104-89F2-72B4BAFCBDDE}
	EndProjectSection
EndProject
Project("{2150E333-8FDC-42A3-9474-1A3956D46DE8}") = "liunx", "liunx", "{30A8AB10-58B9-486D-A098-99BF8B37981A}"
	ProjectSection(SolutionItems) = preProject
		common\core\ObjectPools.cpp = common\core\ObjectPools.cpp
	EndProjectSection
EndProject
Project("{8BC9CEB8-8B4A-11D0-8D11-00A0C91BC942}") = "liunx", "liunx\liunx\liunx.vcxproj", "{61223778-2248-4468-ADD0-F289066714A9}"
EndProject
Project("{8BC9CEB8-8B4A-11D0-8D11-00A0C91BC942}") = "liunxnet", "liunx\liunxnet\liunxnet.vcxproj", "{8DBF79BE-1FC7-43CE-AE6E-3D83A6E5FF80}"
EndProject
Project("{2150E333-8FDC-42A3-9474-1A3956D46DE8}") = "other", "other", "{05B08146-FD39-4610-A6E5-0C5CAB903EE9}"
EndProject
Project("{8BC9CEB8-8B4A-11D0-8D11-00A0C91BC942}") = "flecs", "other\flecs\flecs.vcxproj", "{2145037B-A519-4A38-818D-B55332564449}"
EndProject
Project("{8BC9CEB8-8B4A-11D0-8D11-00A0C91BC942}") = "test", "other\test\test.vcxproj", "{0BCCCCBF-EB11-4D70-8674-55C47E860C2E}"
	ProjectSection(ProjectDependencies) = postProject
		{6468D916-7565-4104-89F2-72B4BAFCBDDE} = {6468D916-7565-4104-89F2-72B4BAFCBDDE}
	EndProjectSection
EndProject
Global
	GlobalSection(SolutionConfigurationPlatforms) = preSolution
		Debug|ARM = Debug|ARM
		Debug|ARM64 = Debug|ARM64
		Debug|x64 = Debug|x64
		Debug|x86 = Debug|x86
		Release|ARM = Release|ARM
		Release|ARM64 = Release|ARM64
		Release|x64 = Release|x64
		Release|x86 = Release|x86
	EndGlobalSection
	GlobalSection(ProjectConfigurationPlatforms) = postSolution
		{6468D916-7565-4104-89F2-72B4BAFCBDDE}.Debug|ARM.ActiveCfg = Debug|Win32
		{6468D916-7565-4104-89F2-72B4BAFCBDDE}.Debug|ARM64.ActiveCfg = Debug|Win32
		{6468D916-7565-4104-89F2-72B4BAFCBDDE}.Debug|x64.ActiveCfg = Debug|x64
		{6468D916-7565-4104-89F2-72B4BAFCBDDE}.Debug|x64.Build.0 = Debug|x64
		{6468D916-7565-4104-89F2-72B4BAFCBDDE}.Debug|x86.ActiveCfg = Debug|Win32
		{6468D916-7565-4104-89F2-72B4BAFCBDDE}.Debug|x86.Build.0 = Debug|Win32
		{6468D916-7565-4104-89F2-72B4BAFCBDDE}.Release|ARM.ActiveCfg = Release|Win32
		{6468D916-7565-4104-89F2-72B4BAFCBDDE}.Release|ARM64.ActiveCfg = Release|Win32
		{6468D916-7565-4104-89F2-72B4BAFCBDDE}.Release|x64.ActiveCfg = Release|x64
		{6468D916-7565-4104-89F2-72B4BAFCBDDE}.Release|x64.Build.0 = Release|x64
		{6468D916-7565-4104-89F2-72B4BAFCBDDE}.Release|x86.ActiveCfg = Release|Win32
		{6468D916-7565-4104-89F2-72B4BAFCBDDE}.Release|x86.Build.0 = Release|Win32
		{8AD73841-22D1-44A6-90CC-C639F9F84F0D}.Debug|ARM.ActiveCfg = Debug|Win32
		{8AD73841-22D1-44A6-90CC-C639F9F84F0D}.Debug|ARM64.ActiveCfg = Debug|Win32
		{8AD73841-22D1-44A6-90CC-C639F9F84F0D}.Debug|x64.ActiveCfg = Debug|x64
		{8AD73841-22D1-44A6-90CC-C639F9F84F0D}.Debug|x64.Build.0 = Debug|x64
		{8AD73841-22D1-44A6-90CC-C639F9F84F0D}.Debug|x86.ActiveCfg = Debug|Win32
		{8AD73841-22D1-44A6-90CC-C639F9F84F0D}.Debug|x86.Build.0 = Debug|Win32
		{8AD73841-22D1-44A6-90CC-C639F9F84F0D}.Release|ARM.ActiveCfg = Release|Win32
		{8AD73841-22D1-44A6-90CC-C639F9F84F0D}.Release|ARM64.ActiveCfg = Release|Win32
		{8AD73841-22D1-44A6-90CC-C639F9F84F0D}.Release|x64.ActiveCfg = Release|x64
		{8AD73841-22D1-44A6-90CC-C639F9F84F0D}.Release|x64.Build.0 = Release|x64
		{8AD73841-22D1-44A6-90CC-C639F9F84F0D}.Release|x86.ActiveCfg = Release|Win32
		{8AD73841-22D1-44A6-90CC-C639F9F84F0D}.Release|x86.Build.0 = Release|Win32
		{61223778-2248-4468-ADD0-F289066714A9}.Debug|ARM.ActiveCfg = Debug|ARM
		{61223778-2248-4468-ADD0-F289066714A9}.Debug|ARM.Build.0 = Debug|ARM
		{61223778-2248-4468-ADD0-F289066714A9}.Debug|ARM.Deploy.0 = Debug|ARM
		{61223778-2248-4468-ADD0-F289066714A9}.Debug|ARM64.ActiveCfg = Debug|ARM64
		{61223778-2248-4468-ADD0-F289066714A9}.Debug|ARM64.Build.0 = Debug|ARM64
		{61223778-2248-4468-ADD0-F289066714A9}.Debug|ARM64.Deploy.0 = Debug|ARM64
		{61223778-2248-4468-ADD0-F289066714A9}.Debug|x64.ActiveCfg = Debug|x64
		{61223778-2248-4468-ADD0-F289066714A9}.Debug|x64.Build.0 = Debug|x64
		{61223778-2248-4468-ADD0-F289066714A9}.Debug|x64.Deploy.0 = Debug|x64
		{61223778-2248-4468-ADD0-F289066714A9}.Debug|x86.ActiveCfg = Debug|x86
		{61223778-2248-4468-ADD0-F289066714A9}.Debug|x86.Build.0 = Debug|x86
		{61223778-2248-4468-ADD0-F289066714A9}.Debug|x86.Deploy.0 = Debug|x86
		{61223778-2248-4468-ADD0-F289066714A9}.Release|ARM.ActiveCfg = Release|ARM
		{61223778-2248-4468-ADD0-F289066714A9}.Release|ARM.Build.0 = Release|ARM
		{61223778-2248-4468-ADD0-F289066714A9}.Release|ARM.Deploy.0 = Release|ARM
		{61223778-2248-4468-ADD0-F289066714A9}.Release|ARM64.ActiveCfg = Release|ARM64
		{61223778-2248-4468-ADD0-F289066714A9}.Release|ARM64.Build.0 = Release|ARM64
		{61223778-2248-4468-ADD0-F289066714A9}.Release|ARM64.Deploy.0 = Release|ARM64
		{61223778-2248-4468-ADD0-F289066714A9}.Release|x64.ActiveCfg = Release|x64
		{61223778-2248-4468-ADD0-F289066714A9}.Release|x64.Build.0 = Release|x64
		{61223778-2248-4468-ADD0-F289066714A9}.Release|x64.Deploy.0 = Release|x64
		{61223778-2248-4468-ADD0-F289066714A9}.Release|x86.ActiveCfg = Release|x86
		{61223778-2248-4468-ADD0-F289066714A9}.Release|x86.Build.0 = Release|x86
		{61223778-2248-4468-ADD0-F289066714A9}.Release|x86.Deploy.0 = Release|x86
		{8DBF79BE-1FC7-43CE-AE6E-3D83A6E5FF80}.Debug|ARM.ActiveCfg = Debug|ARM
		{8DBF79BE-1FC7-43CE-AE6E-3D83A6E5FF80}.Debug|ARM.Build.0 = Debug|ARM
		{8DBF79BE-1FC7-43CE-AE6E-3D83A6E5FF80}.Debug|ARM.Deploy.0 = Debug|ARM
		{8DBF79BE-1FC7-43CE-AE6E-3D83A6E5FF80}.Debug|ARM64.ActiveCfg = Debug|ARM64
		{8DBF79BE-1FC7-43CE-AE6E-3D83A6E5FF80}.Debug|ARM64.Build.0 = Debug|ARM64
		{8DBF79BE-1FC7-43CE-AE6E-3D83A6E5FF80}.Debug|ARM64.Deploy.0 = Debug|ARM64
		{8DBF79BE-1FC7-43CE-AE6E-3D83A6E5FF80}.Debug|x64.ActiveCfg = Debug|x64
		{8DBF79BE-1FC7-43CE-AE6E-3D83A6E5FF80}.Debug|x64.Build.0 = Debug|x64
		{8DBF79BE-1FC7-43CE-AE6E-3D83A6E5FF80}.Debug|x64.Deploy.0 = Debug|x64
		{8DBF79BE-1FC7-43CE-AE6E-3D83A6E5FF80}.Debug|x86.ActiveCfg = Debug|x86
		{8DBF79BE-1FC7-43CE-AE6E-3D83A6E5FF80}.Debug|x86.Build.0 = Debug|x86
		{8DBF79BE-1FC7-43CE-AE6E-3D83A6E5FF80}.Debug|x86.Deploy.0 = Debug|x86
		{8DBF79BE-1FC7-43CE-AE6E-3D83A6E5FF80}.Release|ARM.ActiveCfg = Release|ARM
		{8DBF79BE-1FC7-43CE-AE6E-3D83A6E5FF80}.Release|ARM.Build.0 = Release|ARM
		{8DBF79BE-1FC7-43CE-AE6E-3D83A6E5FF80}.Release|ARM.Deploy.0 = Release|ARM
		{8DBF79BE-1FC7-43CE-AE6E-3D83A6E5FF80}.Release|ARM64.ActiveCfg = Release|ARM64
		{8DBF79BE-1FC7-43CE-AE6E-3D83A6E5FF80}.Release|ARM64.Build.0 = Release|ARM64
		{8DBF79BE-1FC7-43CE-AE6E-3D83A6E5FF80}.Release|ARM64.Deploy.0 = Release|ARM64
		{8DBF79BE-1FC7-43CE-AE6E-3D83A6E5FF80}.Release|x64.ActiveCfg = Release|x64
		{8DBF79BE-1FC7-43CE-AE6E-3D83A6E5FF80}.Release|x64.Build.0 = Release|x64
		{8DBF79BE-1FC7-43CE-AE6E-3D83A6E5FF80}.Release|x64.Deploy.0 = Release|x64
		{8DBF79BE-1FC7-43CE-AE6E-3D83A6E5FF80}.Release|x86.ActiveCfg = Release|x86
		{8DBF79BE-1FC7-43CE-AE6E-3D83A6E5FF80}.Release|x86.Build.0 = Release|x86
		{8DBF79BE-1FC7-43CE-AE6E-3D83A6E5FF80}.Release|x86.Deploy.0 = Release|x86
		{2145037B-A519-4A38-818D-B55332564449}.Debug|ARM.ActiveCfg = Debug|Win32
		{2145037B-A519-4A38-818D-B55332564449}.Debug|ARM64.ActiveCfg = Debug|Win32
		{2145037B-A519-4A38-818D-B55332564449}.Debug|x64.ActiveCfg = Debug|x64
		{2145037B-A519-4A38-818D-B55332564449}.Debug|x64.Build.0 = Debug|x64
		{2145037B-A519-4A38-818D-B55332564449}.Debug|x86.ActiveCfg = Debug|Win32
		{2145037B-A519-4A38-818D-B55332564449}.Debug|x86.Build.0 = Debug|Win32
		{2145037B-A519-4A38-818D-B55332564449}.Release|ARM.ActiveCfg = Release|Win32
		{2145037B-A519-4A38-818D-B55332564449}.Release|ARM64.ActiveCfg = Release|Win32
		{2145037B-A519-4A38-818D-B55332564449}.Release|x64.ActiveCfg = Release|x64
		{2145037B-A519-4A38-818D-B55332564449}.Release|x64.Build.0 = Release|x64
		{2145037B-A519-4A38-818D-B55332564449}.Release|x86.ActiveCfg = Release|Win32
		{2145037B-A519-4A38-818D-B55332564449}.Release|x86.Build.0 = Release|Win32
		{0BCCCCBF-EB11-4D70-8674-55C47E860C2E}.Debug|ARM.ActiveCfg = Debug|Win32
		{0BCCCCBF-EB11-4D70-8674-55C47E860C2E}.Debug|ARM64.ActiveCfg = Debug|Win32
		{0BCCCCBF-EB11-4D70-8674-55C47E860C2E}.Debug|x64.ActiveCfg = Debug|x64
		{0BCCCCBF-EB11-4D70-8674-55C47E860C2E}.Debug|x64.Build.0 = Debug|x64
		{0BCCCCBF-EB11-4D70-8674-55C47E860C2E}.Debug|x86.ActiveCfg = Debug|Win32
		{0BCCCCBF-EB11-4D70-8674-55C47E860C2E}.Debug|x86.Build.0 = Debug|Win32
		{0BCCCCBF-EB11-4D70-8674-55C47E860C2E}.Release|ARM.ActiveCfg = Release|Win32
		{0BCCCCBF-EB11-4D70-8674-55C47E860C2E}.Release|ARM64.ActiveCfg = Release|Win32
		{0BCCCCBF-EB11-4D70-8674-55C47E860C2E}.Release|x64.ActiveCfg = Release|x64
		{0BCCCCBF-EB11-4D70-8674-55C47E860C2E}.Release|x64.Build.0 = Release|x64
		{0BCCCCBF-EB11-4D70-8674-55C47E860C2E}.Release|x86.ActiveCfg = Release|Win32
		{0BCCCCBF-EB11-4D70-8674-55C47E860C2E}.Release|x86.Build.0 = Release|Win32
	EndGlobalSection
	GlobalSection(SolutionProperties) = preSolution
		HideSolutionNode = FALSE
	EndGlobalSection
	GlobalSection(NestedProjects) = preSolution
		{6468D916-7565-4104-89F2-72B4BAFCBDDE} = {156F03D3-D906-462C-ACB6-ECE5656D29CA}
		{8AD73841-22D1-44A6-90CC-C639F9F84F0D} = {AC05C08C-1385-4EA0-9DEE-A2F76A830EE5}
		{61223778-2248-4468-ADD0-F289066714A9} = {30A8AB10-58B9-486D-A098-99BF8B37981A}
		{8DBF79BE-1FC7-43CE-AE6E-3D83A6E5FF80} = {30A8AB10-58B9-486D-A098-99BF8B37981A}
		{2145037B-A519-4A38-818D-B55332564449} = {05B08146-FD39-4610-A6E5-0C5CAB903EE9}
		{0BCCCCBF-EB11-4D70-8674-55C47E860C2E} = {05B08146-FD39-4610-A6E5-0C5CAB903EE9}
	EndGlobalSection
	GlobalSection(ExtensibilityGlobals) = postSolution
		SolutionGuid = {412FD16F-400D-4F16-968C-350C6CDB299E}
	EndGlobalSection
EndGlobal
