<?xml version="1.0" encoding="utf-8"?>
<Project ToolsVersion="4.0" xmlns="http://schemas.microsoft.com/developer/msbuild/2003">
  <ItemGroup>
    <ClCompile Include="List.cpp" />
    <ClCompile Include="Shared.cpp" />
    <ClCompile Include="Vector.cpp" />
    <ClCompile Include="TimerWheel.cpp" />
    <ClCompile Include="Timers.cpp" />
    <ClCompile Include="RingBuff.cpp" />
    <ClCompile Include="TimeHelp.cpp" />
    <ClCompile Include="ObjectPools.cpp" />
    <ClCompile Include="TimerSet.cpp" />
  </ItemGroup>
  <ItemGroup>
    <Filter Include="include">
      <UniqueIdentifier>{dcff24f4-e71e-4951-8e75-f7fe0e399a61}</UniqueIdentifier>
    </Filter>
  </ItemGroup>
  <ItemGroup>
    <ClInclude Include="..\..\Include\CoreOld\common.h">
      <Filter>include</Filter>
    </ClInclude>
    <ClInclude Include="..\..\Include\CoreOld\Configs.h">
      <Filter>include</Filter>
    </ClInclude>
    <ClInclude Include="..\..\Include\CoreOld\FastNode.h">
      <Filter>include</Filter>
    </ClInclude>
    <ClInclude Include="..\..\Include\CoreOld\List.h">
      <Filter>include</Filter>
    </ClInclude>
    <ClInclude Include="..\..\Include\CoreOld\Loger.h">
      <Filter>include</Filter>
    </ClInclude>
    <ClInclude Include="..\..\Include\CoreOld\ObjectPools.h">
      <Filter>include</Filter>
    </ClInclude>
    <ClInclude Include="..\..\Include\CoreOld\RingBuff.h">
      <Filter>include</Filter>
    </ClInclude>
    <ClInclude Include="..\..\Include\CoreOld\SharedPrt.h">
      <Filter>include</Filter>
    </ClInclude>
    <ClInclude Include="..\..\Include\CoreOld\Singleton.h">
      <Filter>include</Filter>
    </ClInclude>
    <ClInclude Include="..\..\Include\CoreOld\SkipList.h">
      <Filter>include</Filter>
    </ClInclude>
    <ClInclude Include="..\..\Include\CoreOld\TimeHelp.h">
      <Filter>include</Filter>
    </ClInclude>
    <ClInclude Include="..\..\Include\CoreOld\Timers.h">
      <Filter>include</Filter>
    </ClInclude>
    <ClInclude Include="..\..\Include\CoreOld\TimerSet.h">
      <Filter>include</Filter>
    </ClInclude>
    <ClInclude Include="..\..\Include\CoreOld\TimerWheel.h">
      <Filter>include</Filter>
    </ClInclude>
    <ClInclude Include="..\..\Include\CoreOld\Types.h">
      <Filter>include</Filter>
    </ClInclude>
    <ClInclude Include="..\..\Include\CoreOld\Util.h">
      <Filter>include</Filter>
    </ClInclude>
    <ClInclude Include="..\..\Include\CoreOld\Vector.h">
      <Filter>include</Filter>
    </ClInclude>
  </ItemGroup>
</Project>