<?xml version="1.0" encoding="utf-8"?>
<Project ToolsVersion="4.0" xmlns="http://schemas.microsoft.com/developer/msbuild/2003">
  <ItemGroup>
    <ClCompile Include="List.cpp" />
    <ClCompile Include="Shared.cpp" />
    <ClCompile Include="Vector.cpp" />
    <ClCompile Include="TimerWheel.cpp" />
    <ClCompile Include="Timers.cpp" />
    <ClCompile Include="RingBuff.cpp" />
    <ClCompile Include="TimeHelp.cpp" />
    <ClCompile Include="ObjectPools.cpp" />
    <ClCompile Include="TimerSet.cpp" />
  </ItemGroup>
  <ItemGroup>
    <ClInclude Include="common.h" />
    <ClInclude Include="Configs.h" />
    <ClInclude Include="FastNode.h" />
    <ClInclude Include="List.h" />
    <ClInclude Include="Loger.h" />
    <ClInclude Include="ObjectPools.h" />
    <ClInclude Include="RingBuff.h" />
    <ClInclude Include="SharedPrt.h" />
    <ClInclude Include="Singleton.h" />
    <ClInclude Include="SkipList.h" />
    <ClInclude Include="TimeHelp.h" />
    <ClInclude Include="Timers.h" />
    <ClInclude Include="TimerSet.h" />
    <ClInclude Include="TimerWheel.h" />
    <ClInclude Include="Types.h" />
    <ClInclude Include="Util.h" />
    <ClInclude Include="Vector.h" />
  </ItemGroup>
</Project>