<?xml version="1.0" encoding="utf-8"?>
<Project ToolsVersion="4.0" xmlns="http://schemas.microsoft.com/developer/msbuild/2003">
  <ItemGroup>
    <ClCompile Include="byte.cpp" />
    <ClCompile Include="constructor.cpp" />
    <ClCompile Include="object.cpp" />
    <ClCompile Include="main.cpp" />
    <ClCompile Include="lambda.cpp" />
    <ClCompile Include="Thread.cpp" />
    <ClCompile Include="StdPtr.cpp" />
    <ClCompile Include="destructor.cpp" />
    <ClCompile Include="upper.cpp" />
    <ClCompile Include="hton.cpp" />
    <ClCompile Include="other.h" />
  </ItemGroup>
  <ItemGroup>
    <ClInclude Include="object.h" />
    <ClInclude Include="operation.h" />
    <ClInclude Include="headers.h" />
    <ClInclude Include="template.h" />
    <ClInclude Include="configs.h" />
  </ItemGroup>
</Project>