<?xml version="1.0" encoding="utf-8"?>
<Project ToolsVersion="4.0" xmlns="http://schemas.microsoft.com/developer/msbuild/2003">
  <ItemGroup>
    <ClCompile Include="main.cpp" />
    <ClCompile Include="testtimer.cpp" />
    <ClCompile Include="testBuff.cpp" />
    <ClCompile Include="testchrono.cpp" />
  </ItemGroup>
  <ItemGroup>
    <ClInclude Include="testlist.hpp" />
    <ClInclude Include="headers.h" />
  </ItemGroup>
</Project>