<?xml version="1.0" encoding="utf-8"?>
<Project ToolsVersion="4.0" xmlns="http://schemas.microsoft.com/developer/msbuild/2003">
  <ItemGroup>
    <ClInclude Include="..\..\include\core\FastNode.h">
      <Filter>include</Filter>
    </ClInclude>
    <ClInclude Include="..\..\include\core\List.h">
      <Filter>include</Filter>
    </ClInclude>
    <ClInclude Include="..\..\include\core\SharedPrt.h">
      <Filter>include</Filter>
    </ClInclude>
    <ClInclude Include="..\..\include\core\SkipList.h">
      <Filter>include</Filter>
    </ClInclude>
    <ClInclude Include="..\..\include\core\Types.h">
      <Filter>include</Filter>
    </ClInclude>
    <ClInclude Include="..\..\include\core\Vector.h">
      <Filter>include</Filter>
    </ClInclude>
    <ClInclude Include="..\..\include\core\Timers.h">
      <Filter>include</Filter>
    </ClInclude>
    <ClInclude Include="..\..\include\core\TimerWheel.h">
      <Filter>include</Filter>
    </ClInclude>
    <ClInclude Include="..\..\include\core\RingBuff.h">
      <Filter>include</Filter>
    </ClInclude>
    <ClInclude Include="..\..\include\core\TimeHelp.h">
      <Filter>include</Filter>
    </ClInclude>
    <ClInclude Include="..\..\include\core\Util.h">
      <Filter>include</Filter>
    </ClInclude>
    <ClInclude Include="..\..\include\core\Loger.h">
      <Filter>include</Filter>
    </ClInclude>
    <ClInclude Include="..\..\include\core\common.h">
      <Filter>include</Filter>
    </ClInclude>
    <ClInclude Include="..\..\include\core\ObjectPools.h">
      <Filter>include</Filter>
    </ClInclude>
    <ClInclude Include="..\..\include\core\Singleton.h">
      <Filter>include</Filter>
    </ClInclude>
    <ClInclude Include="..\..\include\core\Configs.h">
      <Filter>include</Filter>
    </ClInclude>
  </ItemGroup>
  <ItemGroup>
    <ClCompile Include="List.cpp" />
    <ClCompile Include="Shared.cpp" />
    <ClCompile Include="Vector.cpp" />
    <ClCompile Include="TimerWheel.cpp" />
    <ClCompile Include="Timers.cpp" />
    <ClCompile Include="RingBuff.cpp" />
    <ClCompile Include="TimeHelp.cpp" />
  </ItemGroup>
  <ItemGroup>
    <Filter Include="include">
      <UniqueIdentifier>{dcff24f4-e71e-4951-8e75-f7fe0e399a61}</UniqueIdentifier>
    </Filter>
  </ItemGroup>
</Project>